PODS:
  - AFNetworking (3.2.1):
    - AFNetworking/NSURLSession (= 3.2.1)
    - AFNetworking/Reachability (= 3.2.1)
    - AFNetworking/Security (= 3.2.1)
    - AFNetworking/Serialization (= 3.2.1)
    - AFNetworking/UIKit (= 3.2.1)
  - AFNetworking/NSURLSession (3.2.1):
    - AFNetworking/Reachability
    - AFNetworking/Security
    - AFNetworking/Serialization
  - AFNetworking/Reachability (3.2.1)
  - AFNetworking/Security (3.2.1)
  - AFNetworking/Serialization (3.2.1)
  - AFNetworking/UIKit (3.2.1):
    - AFNetworking/NSURLSession
  - FMDB (2.7.5):
    - FMDB/standard (= 2.7.5)
  - FMDB/standard (2.7.5)
  - IQKeyboardManager (6.2.0)
  - Masonry (1.1.0)
  - MBProgressHUD (0.9.2)
  - MJExtension (3.0.15.1)
  - MJRefresh (3.1.15.7)
  - SDCycleScrollView (1.75):
    - SDWebImage (>= 4.0.0)
  - SDWebImage (4.4.5):
    - SDWebImage/Core (= 4.4.5)
  - SDWebImage/Core (4.4.5)
  - Socket.IO-Client-Swift (14.0.0):
    - Starscream (~> 3.0.6)
  - SocketRocket (0.5.1)
  - Starscream (3.0.6)
  - WechatOpenSDK (1.8.4)
  - XHToast (1.4.0)

DEPENDENCIES:
  - AFNetworking
  - FMDB
  - IQKeyboardManager
  - Masonry
  - MBProgressHUD (~> 0.9.2)
  - MJExtension
  - MJRefresh
  - SDCycleScrollView
  - SDWebImage
  - Socket.IO-Client-Swift
  - SocketRocket
  - WechatOpenSDK
  - XHToast

SPEC REPOS:
  https://github.com/cocoapods/specs.git:
    - AFNetworking
    - FMDB
    - IQKeyboardManager
    - Masonry
    - MBProgressHUD
    - MJExtension
    - MJRefresh
    - SDCycleScrollView
    - SDWebImage
    - Socket.IO-Client-Swift
    - SocketRocket
    - Starscream
    - WechatOpenSDK
    - XHToast

SPEC CHECKSUMS:
  AFNetworking: b6f891fdfaed196b46c7a83cf209e09697b94057
  FMDB: 2ce00b547f966261cd18927a3ddb07cb6f3db82a
  IQKeyboardManager: 6194101620b73af5e67900b8f89707a99de0b804
  Masonry: 678fab65091a9290e40e2832a55e7ab731aad201
  MBProgressHUD: 1569cf7ace17a8bac47aabfbb8580a49690386d1
  MJExtension: 19bc33ce2eee2d319760f5622562cf581a6ff756
  MJRefresh: 697f8ec75ebdbe9207767bb682cf0f51b0d8a41f
  SDCycleScrollView: 884b88f0266dd4708a0e1934975c69cb971707b1
  SDWebImage: ecc03494e973b93b80213649d32175f8d2d17d4d
  Socket.IO-Client-Swift: 21e6a8a23a7d367d5ddfab6cbbd3c679cf3c25d6
  SocketRocket: d57c7159b83c3c6655745cd15302aa24b6bae531
  Starscream: ef3ece99d765eeccb67de105bfa143f929026cf5
  WechatOpenSDK: 9b721089507c895d05f997408c30bb6e6f5f9b60
  XHToast: 3b354766d56d9df8fef8e64387bbd25c90d71a86

PODFILE CHECKSUM: 44134e4c7a926b550ed20a2248f748acda321318

COCOAPODS: 1.5.3
